Microsoft Visual Studio Solution File, Format Version 11.00
# Visual Studio 2010
Project("{FAE04EC0-301F-11D3-BF4B-00C04F79EFBC}") = "Assembly-CSharp", "Assembly-CSharp.csproj", "{A1C8FAF3-DEE1-2FBB-669F-0EC99CC8890F}"
EndProject
Project("{FAE04EC0-301F-11D3-BF4B-00C04F79EFBC}") = "Assembly-CSharp-Editor", "Assembly-CSharp-Editor.csproj", "{94E63B09-E23F-957D-5616-6C85FE40A703}"
EndProject
Global
	GlobalSection(SolutionConfigurationPlatforms) = preSolution
		Debug|Any CPU = Debug|Any CPU
		Release|Any CPU = Release|Any CPU
	EndGlobalSection
	GlobalSection(ProjectConfigurationPlatforms) = postSolution
		{A1C8FAF3-DEE1-2FBB-669F-0EC99CC8890F}.Debug|Any CPU.ActiveCfg = Debug|Any CPU
		{A1C8FAF3-DEE1-2FBB-669F-0EC99CC8890F}.Debug|Any CPU.Build.0 = Debug|Any CPU
		{A1C8FAF3-DEE1-2FBB-669F-0EC99CC8890F}.Release|Any CPU.ActiveCfg = Release|Any CPU
		{A1C8FAF3-DEE1-2FBB-669F-0EC99CC8890F}.Release|Any CPU.Build.0 = Release|Any CPU
		{94E63B09-E23F-957D-5616-6C85FE40A703}.Debug|Any CPU.ActiveCfg = Debug|Any CPU
		{94E63B09-E23F-957D-5616-6C85FE40A703}.Debug|Any CPU.Build.0 = Debug|Any CPU
		{94E63B09-E23F-957D-5616-6C85FE40A703}.Release|Any CPU.ActiveCfg = Release|Any CPU
		{94E63B09-E23F-957D-5616-6C85FE40A703}.Release|Any CPU.Build.0 = Release|Any CPU
	EndGlobalSection
	GlobalSection(SolutionProperties) = preSolution
		HideSolutionNode = FALSE
	EndGlobalSection
	GlobalSection(MonoDevelopProperties) = preSolution
		StartupItem = Assembly-CSharp.csproj
	EndGlobalSection
EndGlobal
