Microsoft Visual Studio Solution File, Format Version 11.00
# Visual Studio 2010
Project("{FAE04EC0-301F-11D3-BF4B-00C04F79EFBC}") = "Assembly-CSharp", "Assembly-CSharp.csproj", "{798F91DD-18E1-0C22-B4FA-305EB69E9EE2}"
EndProject
Project("{FAE04EC0-301F-11D3-BF4B-00C04F79EFBC}") = "Assembly-CSharp-Editor", "Assembly-CSharp-Editor.csproj", "{2949FFB9-6FC3-5295-23CC-FECEC8DD62B9}"
EndProject
Global
	GlobalSection(SolutionConfigurationPlatforms) = preSolution
		Debug|Any CPU = Debug|Any CPU
		Release|Any CPU = Release|Any CPU
	EndGlobalSection
	GlobalSection(ProjectConfigurationPlatforms) = postSolution
		{798F91DD-18E1-0C22-B4FA-305EB69E9EE2}.Debug|Any CPU.ActiveCfg = Debug|Any CPU
		{798F91DD-18E1-0C22-B4FA-305EB69E9EE2}.Debug|Any CPU.Build.0 = Debug|Any CPU
		{798F91DD-18E1-0C22-B4FA-305EB69E9EE2}.Release|Any CPU.ActiveCfg = Release|Any CPU
		{798F91DD-18E1-0C22-B4FA-305EB69E9EE2}.Release|Any CPU.Build.0 = Release|Any CPU
		{2949FFB9-6FC3-5295-23CC-FECEC8DD62B9}.Debug|Any CPU.ActiveCfg = Debug|Any CPU
		{2949FFB9-6FC3-5295-23CC-FECEC8DD62B9}.Debug|Any CPU.Build.0 = Debug|Any CPU
		{2949FFB9-6FC3-5295-23CC-FECEC8DD62B9}.Release|Any CPU.ActiveCfg = Release|Any CPU
		{2949FFB9-6FC3-5295-23CC-FECEC8DD62B9}.Release|Any CPU.Build.0 = Release|Any CPU
	EndGlobalSection
	GlobalSection(SolutionProperties) = preSolution
		HideSolutionNode = FALSE
	EndGlobalSection
	GlobalSection(MonoDevelopProperties) = preSolution
		StartupItem = Assembly-CSharp.csproj
	EndGlobalSection
EndGlobal
